// !$*UTF8*$!
{
	archiveVersion = 1;
	classes = {
	};
	objectVersion = 50;
	objects = {

/* Begin PBXBuildFile section */
		F2B37EBB22AF77CD00A1E2B0 /* AppDelegate.m in Sources */ = {isa = PBXBuildFile; fileRef = F2B37EBA22AF77CD00A1E2B0 /* AppDelegate.m */; };
		F2B37EBE22AF77CD00A1E2B0 /* ViewController.m in Sources */ = {isa = PBXBuildFile; fileRef = F2B37EBD22AF77CD00A1E2B0 /* ViewController.m */; };
		F2B37EC122AF77CD00A1E2B0 /* Main.storyboard in Resources */ = {isa = PBXBuildFile; fileRef = F2B37EBF22AF77CD00A1E2B0 /* Main.storyboard */; };
		F2B37EC322AF77CE00A1E2B0 /* Assets.xcassets in Resources */ = {isa = PBXBuildFile; fileRef = F2B37EC222AF77CE00A1E2B0 /* Assets.xcassets */; };
		F2B37EC622AF77CE00A1E2B0 /* LaunchScreen.storyboard in Resources */ = {isa = PBXBuildFile; fileRef = F2B37EC422AF77CE00A1E2B0 /* LaunchScreen.storyboard */; };
		F2B37EC922AF77CE00A1E2B0 /* main.m in Sources */ = {isa = PBXBuildFile; fileRef = F2B37EC822AF77CE00A1E2B0 /* main.m */; };
		F2B37ED322AF77CE00A1E2B0 /* DJMoudleCategoryTests.m in Sources */ = {isa = PBXBuildFile; fileRef = F2B37ED222AF77CE00A1E2B0 /* DJMoudleCategoryTests.m */; };
		F2B37EDE22AF77CE00A1E2B0 /* DJMoudleCategoryUITests.m in Sources */ = {isa = PBXBuildFile; fileRef = F2B37EDD22AF77CE00A1E2B0 /* DJMoudleCategoryUITests.m */; };
/* End PBXBuildFile section */

/* Begin PBXContainerItemProxy section */
		F2B37ECF22AF77CE00A1E2B0 /* PBXContainerItemProxy */ = {
			isa = PBXContainerItemProxy;
			containerPortal = F2B37EAE22AF77CD00A1E2B0 /* Project object */;
			proxyType = 1;
			remoteGlobalIDString = F2B37EB522AF77CD00A1E2B0;
			remoteInfo = DJMoudleCategory;
		};
		F2B37EDA22AF77CE00A1E2B0 /* PBXContainerItemProxy */ = {
			isa = PBXContainerItemProxy;
			containerPortal = F2B37EAE22AF77CD00A1E2B0 /* Project object */;
			proxyType = 1;
			remoteGlobalIDString = F2B37EB522AF77CD00A1E2B0;
			remoteInfo = DJMoudleCategory;
		};
/* End PBXContainerItemProxy section */

/* Begin PBXFileReference section */
		F2B37EB622AF77CD00A1E2B0 /* DJMoudleCategory.app */ = {isa = PBXFileReference; explicitFileType = wrapper.application; includeInIndex = 0; path = DJMoudleCategory.app; sourceTree = BUILT_PRODUCTS_DIR; };
		F2B37EB922AF77CD00A1E2B0 /* AppDelegate.h */ = {isa = PBXFileReference; lastKnownFileType = sourcecode.c.h; path = AppDelegate.h; sourceTree = "<group>"; };
		F2B37EBA22AF77CD00A1E2B0 /* AppDelegate.m */ = {isa = PBXFileReference; lastKnownFileType = sourcecode.c.objc; path = AppDelegate.m; sourceTree = "<group>"; };
		F2B37EBC22AF77CD00A1E2B0 /* ViewController.h */ = {isa = PBXFileReference; lastKnownFileType = sourcecode.c.h; path = ViewController.h; sourceTree = "<group>"; };
		F2B37EBD22AF77CD00A1E2B0 /* ViewController.m */ = {isa = PBXFileReference; lastKnownFileType = sourcecode.c.objc; path = ViewController.m; sourceTree = "<group>"; };
		F2B37EC022AF77CD00A1E2B0 /* Base */ = {isa = PBXFileReference; lastKnownFileType = file.storyboard; name = Base; path = Base.lproj/Main.storyboard; sourceTree = "<group>"; };
		F2B37EC222AF77CE00A1E2B0 /* Assets.xcassets */ = {isa = PBXFileReference; lastKnownFileType = folder.assetcatalog; path = Assets.xcassets; sourceTree = "<group>"; };
		F2B37EC522AF77CE00A1E2B0 /* Base */ = {isa = PBXFileReference; lastKnownFileType = file.storyboard; name = Base; path = Base.lproj/LaunchScreen.storyboard; sourceTree = "<group>"; };
		F2B37EC722AF77CE00A1E2B0 /* Info.plist */ = {isa = PBXFileReference; lastKnownFileType = text.plist.xml; path = Info.plist; sourceTree = "<group>"; };
		F2B37EC822AF77CE00A1E2B0 /* main.m */ = {isa = PBXFileReference; lastKnownFileType = sourcecode.c.objc; path = main.m; sourceTree = "<group>"; };
		F2B37ECE22AF77CE00A1E2B0 /* DJMoudleCategoryTests.xctest */ = {isa = PBXFileReference; explicitFileType = wrapper.cfbundle; includeInIndex = 0; path = DJMoudleCategoryTests.xctest; sourceTree = BUILT_PRODUCTS_DIR; };
		F2B37ED222AF77CE00A1E2B0 /* DJMoudleCategoryTests.m */ = {isa = PBXFileReference; lastKnownFileType = sourcecode.c.objc; path = DJMoudleCategoryTests.m; sourceTree = "<group>"; };
		F2B37ED422AF77CE00A1E2B0 /* Info.plist */ = {isa = PBXFileReference; lastKnownFileType = text.plist.xml; path = Info.plist; sourceTree = "<group>"; };
		F2B37ED922AF77CE00A1E2B0 /* DJMoudleCategoryUITests.xctest */ = {isa = PBXFileReference; explicitFileType = wrapper.cfbundle; includeInIndex = 0; path = DJMoudleCategoryUITests.xctest; sourceTree = BUILT_PRODUCTS_DIR; };
		F2B37EDD22AF77CE00A1E2B0 /* DJMoudleCategoryUITests.m */ = {isa = PBXFileReference; lastKnownFileType = sourcecode.c.objc; path = DJMoudleCategoryUITests.m; sourceTree = "<group>"; };
		F2B37EDF22AF77CE00A1E2B0 /* Info.plist */ = {isa = PBXFileReference; lastKnownFileType = text.plist.xml; path = Info.plist; sourceTree = "<group>"; };
/* End PBXFileReference section */

/* Begin PBXFrameworksBuildPhase section */
		F2B37EB322AF77CD00A1E2B0 /* Frameworks */ = {
			isa = PBXFrameworksBuildPhase;
			buildActionMask = 2147483647;
			files = (
			);
			runOnlyForDeploymentPostprocessing = 0;
		};
		F2B37ECB22AF77CE00A1E2B0 /* Frameworks */ = {
			isa = PBXFrameworksBuildPhase;
			buildActionMask = 2147483647;
			files = (
			);
			runOnlyForDeploymentPostprocessing = 0;
		};
		F2B37ED622AF77CE00A1E2B0 /* Frameworks */ = {
			isa = PBXFrameworksBuildPhase;
			buildActionMask = 2147483647;
			files = (
			);
			runOnlyForDeploymentPostprocessing = 0;
		};
/* End PBXFrameworksBuildPhase section */

/* Begin PBXGroup section */
		F2B37EAD22AF77CD00A1E2B0 = {
			isa = PBXGroup;
			children = (
				F2B37EB822AF77CD00A1E2B0 /* DJMoudleCategory */,
				F2B37ED122AF77CE00A1E2B0 /* DJMoudleCategoryTests */,
				F2B37EDC22AF77CE00A1E2B0 /* DJMoudleCategoryUITests */,
				F2B37EB722AF77CD00A1E2B0 /* Products */,
			);
			sourceTree = "<group>";
		};
		F2B37EB722AF77CD00A1E2B0 /* Products */ = {
			isa = PBXGroup;
			children = (
				F2B37EB622AF77CD00A1E2B0 /* DJMoudleCategory.app */,
				F2B37ECE22AF77CE00A1E2B0 /* DJMoudleCategoryTests.xctest */,
				F2B37ED922AF77CE00A1E2B0 /* DJMoudleCategoryUITests.xctest */,
			);
			name = Products;
			sourceTree = "<group>";
		};
		F2B37EB822AF77CD00A1E2B0 /* DJMoudleCategory */ = {
			isa = PBXGroup;
			children = (
				F2B37EB922AF77CD00A1E2B0 /* AppDelegate.h */,
				F2B37EBA22AF77CD00A1E2B0 /* AppDelegate.m */,
				F2B37EBC22AF77CD00A1E2B0 /* ViewController.h */,
				F2B37EBD22AF77CD00A1E2B0 /* ViewController.m */,
				F2B37EBF22AF77CD00A1E2B0 /* Main.storyboard */,
				F2B37EC222AF77CE00A1E2B0 /* Assets.xcassets */,
				F2B37EC422AF77CE00A1E2B0 /* LaunchScreen.storyboard */,
				F2B37EC722AF77CE00A1E2B0 /* Info.plist */,
				F2B37EC822AF77CE00A1E2B0 /* main.m */,
			);
			path = DJMoudleCategory;
			sourceTree = "<group>";
		};
		F2B37ED122AF77CE00A1E2B0 /* DJMoudleCategoryTests */ = {
			isa = PBXGroup;
			children = (
				F2B37ED222AF77CE00A1E2B0 /* DJMoudleCategoryTests.m */,
				F2B37ED422AF77CE00A1E2B0 /* Info.plist */,
			);
			path = DJMoudleCategoryTests;
			sourceTree = "<group>";
		};
		F2B37EDC22AF77CE00A1E2B0 /* DJMoudleCategoryUITests */ = {
			isa = PBXGroup;
			children = (
				F2B37EDD22AF77CE00A1E2B0 /* DJMoudleCategoryUITests.m */,
				F2B37EDF22AF77CE00A1E2B0 /* Info.plist */,
			);
			path = DJMoudleCategoryUITests;
			sourceTree = "<group>";
		};
/* End PBXGroup section */

/* Begin PBXNativeTarget section */
		F2B37EB522AF77CD00A1E2B0 /* DJMoudleCategory */ = {
			isa = PBXNativeTarget;
			buildConfigurationList = F2B37EE222AF77CE00A1E2B0 /* Build configuration list for PBXNativeTarget "DJMoudleCategory" */;
			buildPhases = (
				F2B37EB222AF77CD00A1E2B0 /* Sources */,
				F2B37EB322AF77CD00A1E2B0 /* Frameworks */,
				F2B37EB422AF77CD00A1E2B0 /* Resources */,
			);
			buildRules = (
			);
			dependencies = (
			);
			name = DJMoudleCategory;
			productName = DJMoudleCategory;
			productReference = F2B37EB622AF77CD00A1E2B0 /* DJMoudleCategory.app */;
			productType = "com.apple.product-type.application";
		};
		F2B37ECD22AF77CE00A1E2B0 /* DJMoudleCategoryTests */ = {
			isa = PBXNativeTarget;
			buildConfigurationList = F2B37EE522AF77CE00A1E2B0 /* Build configuration list for PBXNativeTarget "DJMoudleCategoryTests" */;
			buildPhases = (
				F2B37ECA22AF77CE00A1E2B0 /* Sources */,
				F2B37ECB22AF77CE00A1E2B0 /* Frameworks */,
				F2B37ECC22AF77CE00A1E2B0 /* Resources */,
			);
			buildRules = (
			);
			dependencies = (
				F2B37ED022AF77CE00A1E2B0 /* PBXTargetDependency */,
			);
			name = DJMoudleCategoryTests;
			productName = DJMoudleCategoryTests;
			productReference = F2B37ECE22AF77CE00A1E2B0 /* DJMoudleCategoryTests.xctest */;
			productType = "com.apple.product-type.bundle.unit-test";
		};
		F2B37ED822AF77CE00A1E2B0 /* DJMoudleCategoryUITests */ = {
			isa = PBXNativeTarget;
			buildConfigurationList = F2B37EE822AF77CE00A1E2B0 /* Build configuration list for PBXNativeTarget "DJMoudleCategoryUITests" */;
			buildPhases = (
				F2B37ED522AF77CE00A1E2B0 /* Sources */,
				F2B37ED622AF77CE00A1E2B0 /* Frameworks */,
				F2B37ED722AF77CE00A1E2B0 /* Resources */,
			);
			buildRules = (
			);
			dependencies = (
				F2B37EDB22AF77CE00A1E2B0 /* PBXTargetDependency */,
			);
			name = DJMoudleCategoryUITests;
			productName = DJMoudleCategoryUITests;
			productReference = F2B37ED922AF77CE00A1E2B0 /* DJMoudleCategoryUITests.xctest */;
			productType = "com.apple.product-type.bundle.ui-testing";
		};
/* End PBXNativeTarget section */

/* Begin PBXProject section */
		F2B37EAE22AF77CD00A1E2B0 /* Project object */ = {
			isa = PBXProject;
			attributes = {
				LastUpgradeCheck = 1000;
				ORGANIZATIONNAME = djkg.ylhy;
				TargetAttributes = {
					F2B37EB522AF77CD00A1E2B0 = {
						CreatedOnToolsVersion = 10.0;
					};
					F2B37ECD22AF77CE00A1E2B0 = {
						CreatedOnToolsVersion = 10.0;
						TestTargetID = F2B37EB522AF77CD00A1E2B0;
					};
					F2B37ED822AF77CE00A1E2B0 = {
						CreatedOnToolsVersion = 10.0;
						TestTargetID = F2B37EB522AF77CD00A1E2B0;
					};
				};
			};
			buildConfigurationList = F2B37EB122AF77CD00A1E2B0 /* Build configuration list for PBXProject "DJMoudleCategory" */;
			compatibilityVersion = "Xcode 9.3";
			developmentRegion = en;
			hasScannedForEncodings = 0;
			knownRegions = (
				en,
				Base,
			);
			mainGroup = F2B37EAD22AF77CD00A1E2B0;
			productRefGroup = F2B37EB722AF77CD00A1E2B0 /* Products */;
			projectDirPath = "";
			projectRoot = "";
			targets = (
				F2B37EB522AF77CD00A1E2B0 /* DJMoudleCategory */,
				F2B37ECD22AF77CE00A1E2B0 /* DJMoudleCategoryTests */,
				F2B37ED822AF77CE00A1E2B0 /* DJMoudleCategoryUITests */,
			);
		};
/* End PBXProject section */

/* Begin PBXResourcesBuildPhase section */
		F2B37EB422AF77CD00A1E2B0 /* Resources */ = {
			isa = PBXResourcesBuildPhase;
			buildActionMask = 2147483647;
			files = (
				F2B37EC622AF77CE00A1E2B0 /* LaunchScreen.storyboard in Resources */,
				F2B37EC322AF77CE00A1E2B0 /* Assets.xcassets in Resources */,
				F2B37EC122AF77CD00A1E2B0 /* Main.storyboard in Resources */,
			);
			runOnlyForDeploymentPostprocessing = 0;
		};
		F2B37ECC22AF77CE00A1E2B0 /* Resources */ = {
			isa = PBXResourcesBuildPhase;
			buildActionMask = 2147483647;
			files = (
			);
			runOnlyForDeploymentPostprocessing = 0;
		};
		F2B37ED722AF77CE00A1E2B0 /* Resources */ = {
			isa = PBXResourcesBuildPhase;
			buildActionMask = 2147483647;
			files = (
			);
			runOnlyForDeploymentPostprocessing = 0;
		};
/* End PBXResourcesBuildPhase section */

/* Begin PBXSourcesBuildPhase section */
		F2B37EB222AF77CD00A1E2B0 /* Sources */ = {
			isa = PBXSourcesBuildPhase;
			buildActionMask = 2147483647;
			files = (
				F2B37EBE22AF77CD00A1E2B0 /* ViewController.m in Sources */,
				F2B37EC922AF77CE00A1E2B0 /* main.m in Sources */,
				F2B37EBB22AF77CD00A1E2B0 /* AppDelegate.m in Sources */,
			);
			runOnlyForDeploymentPostprocessing = 0;
		};
		F2B37ECA22AF77CE00A1E2B0 /* Sources */ = {
			isa = PBXSourcesBuildPhase;
			buildActionMask = 2147483647;
			files = (
				F2B37ED322AF77CE00A1E2B0 /* DJMoudleCategoryTests.m in Sources */,
			);
			runOnlyForDeploymentPostprocessing = 0;
		};
		F2B37ED522AF77CE00A1E2B0 /* Sources */ = {
			isa = PBXSourcesBuildPhase;
			buildActionMask = 2147483647;
			files = (
				F2B37EDE22AF77CE00A1E2B0 /* DJMoudleCategoryUITests.m in Sources */,
			);
			runOnlyForDeploymentPostprocessing = 0;
		};
/* End PBXSourcesBuildPhase section */

/* Begin PBXTargetDependency section */
		F2B37ED022AF77CE00A1E2B0 /* PBXTargetDependency */ = {
			isa = PBXTargetDependency;
			target = F2B37EB522AF77CD00A1E2B0 /* DJMoudleCategory */;
			targetProxy = F2B37ECF22AF77CE00A1E2B0 /* PBXContainerItemProxy */;
		};
		F2B37EDB22AF77CE00A1E2B0 /* PBXTargetDependency */ = {
			isa = PBXTargetDependency;
			target = F2B37EB522AF77CD00A1E2B0 /* DJMoudleCategory */;
			targetProxy = F2B37EDA22AF77CE00A1E2B0 /* PBXContainerItemProxy */;
		};
/* End PBXTargetDependency section */

/* Begin PBXVariantGroup section */
		F2B37EBF22AF77CD00A1E2B0 /* Main.storyboard */ = {
			isa = PBXVariantGroup;
			children = (
				F2B37EC022AF77CD00A1E2B0 /* Base */,
			);
			name = Main.storyboard;
			sourceTree = "<group>";
		};
		F2B37EC422AF77CE00A1E2B0 /* LaunchScreen.storyboard */ = {
			isa = PBXVariantGroup;
			children = (
				F2B37EC522AF77CE00A1E2B0 /* Base */,
			);
			name = LaunchScreen.storyboard;
			sourceTree = "<group>";
		};
/* End PBXVariantGroup section */

/* Begin XCBuildConfiguration section */
		F2B37EE022AF77CE00A1E2B0 /* Debug */ = {
			isa = XCBuildConfiguration;
			buildSettings = {
				ALWAYS_SEARCH_USER_PATHS = NO;
				CLANG_ANALYZER_NONNULL = YES;
				CLANG_ANALYZER_NUMBER_OBJECT_CONVERSION = YES_AGGRESSIVE;
				CLANG_CXX_LANGUAGE_STANDARD = "gnu++14";
				CLANG_CXX_LIBRARY = "libc++";
				CLANG_ENABLE_MODULES = YES;
				CLANG_ENABLE_OBJC_ARC = YES;
				CLANG_ENABLE_OBJC_WEAK = YES;
				CLANG_WARN_BLOCK_CAPTURE_AUTORELEASING = YES;
				CLANG_WARN_BOOL_CONVERSION = YES;
				CLANG_WARN_COMMA = YES;
				CLANG_WARN_CONSTANT_CONVERSION = YES;
				CLANG_WARN_DEPRECATED_OBJC_IMPLEMENTATIONS = YES;
				CLANG_WARN_DIRECT_OBJC_ISA_USAGE = YES_ERROR;
				CLANG_WARN_DOCUMENTATION_COMMENTS = YES;
				CLANG_WARN_EMPTY_BODY = YES;
				CLANG_WARN_ENUM_CONVERSION = YES;
				CLANG_WARN_INFINITE_RECURSION = YES;
				CLANG_WARN_INT_CONVERSION = YES;
				CLANG_WARN_NON_LITERAL_NULL_CONVERSION = YES;
				CLANG_WARN_OBJC_IMPLICIT_RETAIN_SELF = YES;
				CLANG_WARN_OBJC_LITERAL_CONVERSION = YES;
				CLANG_WARN_OBJC_ROOT_CLASS = YES_ERROR;
				CLANG_WARN_RANGE_LOOP_ANALYSIS = YES;
				CLANG_WARN_STRICT_PROTOTYPES = YES;
				CLANG_WARN_SUSPICIOUS_MOVE = YES;
				CLANG_WARN_UNGUARDED_AVAILABILITY = YES_AGGRESSIVE;
				CLANG_WARN_UNREACHABLE_CODE = YES;
				CLANG_WARN__DUPLICATE_METHOD_MATCH = YES;
				CODE_SIGN_IDENTITY = "iPhone Developer";
				COPY_PHASE_STRIP = NO;
				DEBUG_INFORMATION_FORMAT = dwarf;
				ENABLE_STRICT_OBJC_MSGSEND = YES;
				ENABLE_TESTABILITY = YES;
				GCC_C_LANGUAGE_STANDARD = gnu11;
				GCC_DYNAMIC_NO_PIC = NO;
				GCC_NO_COMMON_BLOCKS = YES;
				GCC_OPTIMIZATION_LEVEL = 0;
				GCC_PREPROCESSOR_DEFINITIONS = (
					"DEBUG=1",
					"$(inherited)",
				);
				GCC_WARN_64_TO_32_BIT_CONVERSION = YES;
				GCC_WARN_ABOUT_RETURN_TYPE = YES_ERROR;
				GCC_WARN_UNDECLARED_SELECTOR = YES;
				GCC_WARN_UNINITIALIZED_AUTOS = YES_AGGRESSIVE;
				GCC_WARN_UNUSED_FUNCTION = YES;
				GCC_WARN_UNUSED_VARIABLE = YES;
				IPHONEOS_DEPLOYMENT_TARGET = 12.0;
				MTL_ENABLE_DEBUG_INFO = INCLUDE_SOURCE;
				MTL_FAST_MATH = YES;
				ONLY_ACTIVE_ARCH = YES;
				SDKROOT = iphoneos;
			};
			name = Debug;
		};
		F2B37EE122AF77CE00A1E2B0 /* Release */ = {
			isa = XCBuildConfiguration;
			buildSettings = {
				ALWAYS_SEARCH_USER_PATHS = NO;
				CLANG_ANALYZER_NONNULL = YES;
				CLANG_ANALYZER_NUMBER_OBJECT_CONVERSION = YES_AGGRESSIVE;
				CLANG_CXX_LANGUAGE_STANDARD = "gnu++14";
				CLANG_CXX_LIBRARY = "libc++";
				CLANG_ENABLE_MODULES = YES;
				CLANG_ENABLE_OBJC_ARC = YES;
				CLANG_ENABLE_OBJC_WEAK = YES;
				CLANG_WARN_BLOCK_CAPTURE_AUTORELEASING = YES;
				CLANG_WARN_BOOL_CONVERSION = YES;
				CLANG_WARN_COMMA = YES;
				CLANG_WARN_CONSTANT_CONVERSION = YES;
				CLANG_WARN_DEPRECATED_OBJC_IMPLEMENTATIONS = YES;
				CLANG_WARN_DIRECT_OBJC_ISA_USAGE = YES_ERROR;
				CLANG_WARN_DOCUMENTATION_COMMENTS = YES;
				CLANG_WARN_EMPTY_BODY = YES;
				CLANG_WARN_ENUM_CONVERSION = YES;
				CLANG_WARN_INFINITE_RECURSION = YES;
				CLANG_WARN_INT_CONVERSION = YES;
				CLANG_WARN_NON_LITERAL_NULL_CONVERSION = YES;
				CLANG_WARN_OBJC_IMPLICIT_RETAIN_SELF = YES;
				CLANG_WARN_OBJC_LITERAL_CONVERSION = YES;
				CLANG_WARN_OBJC_ROOT_CLASS = YES_ERROR;
				CLANG_WARN_RANGE_LOOP_ANALYSIS = YES;
				CLANG_WARN_STRICT_PROTOTYPES = YES;
				CLANG_WARN_SUSPICIOUS_MOVE = YES;
				CLANG_WARN_UNGUARDED_AVAILABILITY = YES_AGGRESSIVE;
				CLANG_WARN_UNREACHABLE_CODE = YES;
				CLANG_WARN__DUPLICATE_METHOD_MATCH = YES;
				CODE_SIGN_IDENTITY = "iPhone Developer";
				COPY_PHASE_STRIP = NO;
				DEBUG_INFORMATION_FORMAT = "dwarf-with-dsym";
				ENABLE_NS_ASSERTIONS = NO;
				ENABLE_STRICT_OBJC_MSGSEND = YES;
				GCC_C_LANGUAGE_STANDARD = gnu11;
				GCC_NO_COMMON_BLOCKS = YES;
				GCC_WARN_64_TO_32_BIT_CONVERSION = YES;
				GCC_WARN_ABOUT_RETURN_TYPE = YES_ERROR;
				GCC_WARN_UNDECLARED_SELECTOR = YES;
				GCC_WARN_UNINITIALIZED_AUTOS = YES_AGGRESSIVE;
				GCC_WARN_UNUSED_FUNCTION = YES;
				GCC_WARN_UNUSED_VARIABLE = YES;
				IPHONEOS_DEPLOYMENT_TARGET = 12.0;
				MTL_ENABLE_DEBUG_INFO = NO;
				MTL_FAST_MATH = YES;
				SDKROOT = iphoneos;
				VALIDATE_PRODUCT = YES;
			};
			name = Release;
		};
		F2B37EE322AF77CE00A1E2B0 /* Debug */ = {
			isa = XCBuildConfiguration;
			buildSettings = {
				ASSETCATALOG_COMPILER_APPICON_NAME = AppIcon;
				CODE_SIGN_STYLE = Automatic;
				INFOPLIST_FILE = DJMoudleCategory/Info.plist;
				LD_RUNPATH_SEARCH_PATHS = (
					"$(inherited)",
					"@executable_path/Frameworks",
				);
				PRODUCT_BUNDLE_IDENTIFIER = com.DJMoudleCategory;
				PRODUCT_NAME = "$(TARGET_NAME)";
				TARGETED_DEVICE_FAMILY = "1,2";
			};
			name = Debug;
		};
		F2B37EE422AF77CE00A1E2B0 /* Release */ = {
			isa = XCBuildConfiguration;
			buildSettings = {
				ASSETCATALOG_COMPILER_APPICON_NAME = AppIcon;
				CODE_SIGN_STYLE = Automatic;
				INFOPLIST_FILE = DJMoudleCategory/Info.plist;
				LD_RUNPATH_SEARCH_PATHS = (
					"$(inherited)",
					"@executable_path/Frameworks",
				);
				PRODUCT_BUNDLE_IDENTIFIER = com.DJMoudleCategory;
				PRODUCT_NAME = "$(TARGET_NAME)";
				TARGETED_DEVICE_FAMILY = "1,2";
			};
			name = Release;
		};
		F2B37EE622AF77CE00A1E2B0 /* Debug */ = {
			isa = XCBuildConfiguration;
			buildSettings = {
				BUNDLE_LOADER = "$(TEST_HOST)";
				CODE_SIGN_STYLE = Automatic;
				INFOPLIST_FILE = DJMoudleCategoryTests/Info.plist;
				LD_RUNPATH_SEARCH_PATHS = (
					"$(inherited)",
					"@executable_path/Frameworks",
					"@loader_path/Frameworks",
				);
				PRODUCT_BUNDLE_IDENTIFIER = com.DJMoudleCategoryTests;
				PRODUCT_NAME = "$(TARGET_NAME)";
				TARGETED_DEVICE_FAMILY = "1,2";
				TEST_HOST = "$(BUILT_PRODUCTS_DIR)/DJMoudleCategory.app/DJMoudleCategory";
			};
			name = Debug;
		};
		F2B37EE722AF77CE00A1E2B0 /* Release */ = {
			isa = XCBuildConfiguration;
			buildSettings = {
				BUNDLE_LOADER = "$(TEST_HOST)";
				CODE_SIGN_STYLE = Automatic;
				INFOPLIST_FILE = DJMoudleCategoryTests/Info.plist;
				LD_RUNPATH_SEARCH_PATHS = (
					"$(inherited)",
					"@executable_path/Frameworks",
					"@loader_path/Frameworks",
				);
				PRODUCT_BUNDLE_IDENTIFIER = com.DJMoudleCategoryTests;
				PRODUCT_NAME = "$(TARGET_NAME)";
				TARGETED_DEVICE_FAMILY = "1,2";
				TEST_HOST = "$(BUILT_PRODUCTS_DIR)/DJMoudleCategory.app/DJMoudleCategory";
			};
			name = Release;
		};
		F2B37EE922AF77CE00A1E2B0 /* Debug */ = {
			isa = XCBuildConfiguration;
			buildSettings = {
				CODE_SIGN_STYLE = Automatic;
				INFOPLIST_FILE = DJMoudleCategoryUITests/Info.plist;
				LD_RUNPATH_SEARCH_PATHS = (
					"$(inherited)",
					"@executable_path/Frameworks",
					"@loader_path/Frameworks",
				);
				PRODUCT_BUNDLE_IDENTIFIER = com.DJMoudleCategoryUITests;
				PRODUCT_NAME = "$(TARGET_NAME)";
				TARGETED_DEVICE_FAMILY = "1,2";
				TEST_TARGET_NAME = DJMoudleCategory;
			};
			name = Debug;
		};
		F2B37EEA22AF77CE00A1E2B0 /* Release */ = {
			isa = XCBuildConfiguration;
			buildSettings = {
				CODE_SIGN_STYLE = Automatic;
				INFOPLIST_FILE = DJMoudleCategoryUITests/Info.plist;
				LD_RUNPATH_SEARCH_PATHS = (
					"$(inherited)",
					"@executable_path/Frameworks",
					"@loader_path/Frameworks",
				);
				PRODUCT_BUNDLE_IDENTIFIER = com.DJMoudleCategoryUITests;
				PRODUCT_NAME = "$(TARGET_NAME)";
				TARGETED_DEVICE_FAMILY = "1,2";
				TEST_TARGET_NAME = DJMoudleCategory;
			};
			name = Release;
		};
/* End XCBuildConfiguration section */

/* Begin XCConfigurationList section */
		F2B37EB122AF77CD00A1E2B0 /* Build configuration list for PBXProject "DJMoudleCategory" */ = {
			isa = XCConfigurationList;
			buildConfigurations = (
				F2B37EE022AF77CE00A1E2B0 /* Debug */,
				F2B37EE122AF77CE00A1E2B0 /* Release */,
			);
			defaultConfigurationIsVisible = 0;
			defaultConfigurationName = Release;
		};
		F2B37EE222AF77CE00A1E2B0 /* Build configuration list for PBXNativeTarget "DJMoudleCategory" */ = {
			isa = XCConfigurationList;
			buildConfigurations = (
				F2B37EE322AF77CE00A1E2B0 /* Debug */,
				F2B37EE422AF77CE00A1E2B0 /* Release */,
			);
			defaultConfigurationIsVisible = 0;
			defaultConfigurationName = Release;
		};
		F2B37EE522AF77CE00A1E2B0 /* Build configuration list for PBXNativeTarget "DJMoudleCategoryTests" */ = {
			isa = XCConfigurationList;
			buildConfigurations = (
				F2B37EE622AF77CE00A1E2B0 /* Debug */,
				F2B37EE722AF77CE00A1E2B0 /* Release */,
			);
			defaultConfigurationIsVisible = 0;
			defaultConfigurationName = Release;
		};
		F2B37EE822AF77CE00A1E2B0 /* Build configuration list for PBXNativeTarget "DJMoudleCategoryUITests" */ = {
			isa = XCConfigurationList;
			buildConfigurations = (
				F2B37EE922AF77CE00A1E2B0 /* Debug */,
				F2B37EEA22AF77CE00A1E2B0 /* Release */,
			);
			defaultConfigurationIsVisible = 0;
			defaultConfigurationName = Release;
		};
/* End XCConfigurationList section */
	};
	rootObject = F2B37EAE22AF77CD00A1E2B0 /* Project object */;
}
